
Microsoft Visual Studio Solution File, Format Version 12.00
# Visual Studio 15
VisualStudioVersion = 15.0.27703.2035
MinimumVisualStudioVersion = 10.0.40219.1
Project("{FAE04EC0-301F-11D3-BF4B-00C04F79EFBC}") = "RCC_Extension", "RCC_Extension\RCC_Extension.csproj", "{5ABD4EE0-2FD5-4532-A4B2-3C78C9E0BB0D}"
EndProject
Project("{FAE04EC0-301F-11D3-BF4B-00C04F79EFBC}") = "StartApp", "StartApp\StartApp.csproj", "{482C64FE-846B-4407-AEB8-A2F52FEE7E93}"
EndProject
Project("{FAE04EC0-301F-11D3-BF4B-00C04F79EFBC}") = "WallTest", "WallTest\WallTest.csproj", "{C6486C26-66C8-464C-BCC1-C8312CFEA5BA}"
EndProject
Global
	GlobalSection(SolutionConfigurationPlatforms) = preSolution
		Debug|Any CPU = Debug|Any CPU
		Release|Any CPU = Release|Any CPU
	EndGlobalSection
	GlobalSection(ProjectConfigurationPlatforms) = postSolution
		{5ABD4EE0-2FD5-4532-A4B2-3C78C9E0BB0D}.Debug|Any CPU.ActiveCfg = Debug|Any CPU
		{5ABD4EE0-2FD5-4532-A4B2-3C78C9E0BB0D}.Debug|Any CPU.Build.0 = Debug|Any CPU
		{5ABD4EE0-2FD5-4532-A4B2-3C78C9E0BB0D}.Release|Any CPU.ActiveCfg = Release|Any CPU
		{5ABD4EE0-2FD5-4532-A4B2-3C78C9E0BB0D}.Release|Any CPU.Build.0 = Release|Any CPU
		{482C64FE-846B-4407-AEB8-A2F52FEE7E93}.Debug|Any CPU.ActiveCfg = Debug|Any CPU
		{482C64FE-846B-4407-AEB8-A2F52FEE7E93}.Debug|Any CPU.Build.0 = Debug|Any CPU
		{482C64FE-846B-4407-AEB8-A2F52FEE7E93}.Release|Any CPU.ActiveCfg = Release|Any CPU
		{482C64FE-846B-4407-AEB8-A2F52FEE7E93}.Release|Any CPU.Build.0 = Release|Any CPU
		{C6486C26-66C8-464C-BCC1-C8312CFEA5BA}.Debug|Any CPU.ActiveCfg = Debug|Any CPU
		{C6486C26-66C8-464C-BCC1-C8312CFEA5BA}.Debug|Any CPU.Build.0 = Debug|Any CPU
		{C6486C26-66C8-464C-BCC1-C8312CFEA5BA}.Release|Any CPU.ActiveCfg = Release|Any CPU
		{C6486C26-66C8-464C-BCC1-C8312CFEA5BA}.Release|Any CPU.Build.0 = Release|Any CPU
	EndGlobalSection
	GlobalSection(SolutionProperties) = preSolution
		HideSolutionNode = FALSE
	EndGlobalSection
	GlobalSection(ExtensibilityGlobals) = postSolution
		SolutionGuid = {DD341D82-2E1C-473E-891F-7BAD058DC6AC}
	EndGlobalSection
EndGlobal
