
Microsoft Visual Studio Solution File, Format Version 12.00
# Visual Studio 15
VisualStudioVersion = 15.0.27703.2035
MinimumVisualStudioVersion = 10.0.40219.1
Project("{FAE04EC0-301F-11D3-BF4B-00C04F79EFBC}") = "WallTest", "WallTest\WallTest.csproj", "{C6486C26-66C8-464C-BCC1-C8312CFEA5BA}"
EndProject
Project("{FAE04EC0-301F-11D3-BF4B-00C04F79EFBC}") = "StartWPF", "StartWPF\StartWPF.csproj", "{0B54FEC8-E466-4268-92F1-3FBFAA19BDAB}"
EndProject
Project("{FAE04EC0-301F-11D3-BF4B-00C04F79EFBC}") = "BLL", "BLL\BLL.csproj", "{4AF80724-4AD7-4BEF-AE1C-5A2768395FD7}"
EndProject
Project("{FAE04EC0-301F-11D3-BF4B-00C04F79EFBC}") = "UIL", "UIL\UIL.csproj", "{E55425DA-3FC6-4BD7-B235-87C420D1D041}"
EndProject
Project("{FAE04EC0-301F-11D3-BF4B-00C04F79EFBC}") = "DAL", "DAL\DAL.csproj", "{C85F2A5E-902C-44E9-B5F3-BBE6CBA6D359}"
EndProject
Global
	GlobalSection(SolutionConfigurationPlatforms) = preSolution
		Debug|Any CPU = Debug|Any CPU
		Release|Any CPU = Release|Any CPU
	EndGlobalSection
	GlobalSection(ProjectConfigurationPlatforms) = postSolution
		{C6486C26-66C8-464C-BCC1-C8312CFEA5BA}.Debug|Any CPU.ActiveCfg = Debug|Any CPU
		{C6486C26-66C8-464C-BCC1-C8312CFEA5BA}.Debug|Any CPU.Build.0 = Debug|Any CPU
		{C6486C26-66C8-464C-BCC1-C8312CFEA5BA}.Release|Any CPU.ActiveCfg = Release|Any CPU
		{C6486C26-66C8-464C-BCC1-C8312CFEA5BA}.Release|Any CPU.Build.0 = Release|Any CPU
		{0B54FEC8-E466-4268-92F1-3FBFAA19BDAB}.Debug|Any CPU.ActiveCfg = Debug|Any CPU
		{0B54FEC8-E466-4268-92F1-3FBFAA19BDAB}.Debug|Any CPU.Build.0 = Debug|Any CPU
		{0B54FEC8-E466-4268-92F1-3FBFAA19BDAB}.Release|Any CPU.ActiveCfg = Release|Any CPU
		{0B54FEC8-E466-4268-92F1-3FBFAA19BDAB}.Release|Any CPU.Build.0 = Release|Any CPU
		{4AF80724-4AD7-4BEF-AE1C-5A2768395FD7}.Debug|Any CPU.ActiveCfg = Debug|Any CPU
		{4AF80724-4AD7-4BEF-AE1C-5A2768395FD7}.Debug|Any CPU.Build.0 = Debug|Any CPU
		{4AF80724-4AD7-4BEF-AE1C-5A2768395FD7}.Release|Any CPU.ActiveCfg = Release|Any CPU
		{4AF80724-4AD7-4BEF-AE1C-5A2768395FD7}.Release|Any CPU.Build.0 = Release|Any CPU
		{E55425DA-3FC6-4BD7-B235-87C420D1D041}.Debug|Any CPU.ActiveCfg = Debug|Any CPU
		{E55425DA-3FC6-4BD7-B235-87C420D1D041}.Debug|Any CPU.Build.0 = Debug|Any CPU
		{E55425DA-3FC6-4BD7-B235-87C420D1D041}.Release|Any CPU.ActiveCfg = Release|Any CPU
		{E55425DA-3FC6-4BD7-B235-87C420D1D041}.Release|Any CPU.Build.0 = Release|Any CPU
		{C85F2A5E-902C-44E9-B5F3-BBE6CBA6D359}.Debug|Any CPU.ActiveCfg = Debug|Any CPU
		{C85F2A5E-902C-44E9-B5F3-BBE6CBA6D359}.Debug|Any CPU.Build.0 = Debug|Any CPU
		{C85F2A5E-902C-44E9-B5F3-BBE6CBA6D359}.Release|Any CPU.ActiveCfg = Release|Any CPU
		{C85F2A5E-902C-44E9-B5F3-BBE6CBA6D359}.Release|Any CPU.Build.0 = Release|Any CPU
	EndGlobalSection
	GlobalSection(SolutionProperties) = preSolution
		HideSolutionNode = FALSE
	EndGlobalSection
	GlobalSection(ExtensibilityGlobals) = postSolution
		SolutionGuid = {DD341D82-2E1C-473E-891F-7BAD058DC6AC}
	EndGlobalSection
EndGlobal
