
Microsoft Visual Studio Solution File, Format Version 12.00
# Visual Studio Version 16
VisualStudioVersion = 16.0.29411.108
MinimumVisualStudioVersion = 10.0.40219.1
Project("{FAE04EC0-301F-11D3-BF4B-00C04F79EFBC}") = "WpfApp01", "WpfApp01.csproj", "{FD838608-8C72-4AF4-A6D6-3A6A8128AFC6}"
EndProject
Global
	GlobalSection(SolutionConfigurationPlatforms) = preSolution
		Debug|Any CPU = Debug|Any CPU
		Release|Any CPU = Release|Any CPU
	EndGlobalSection
	GlobalSection(ProjectConfigurationPlatforms) = postSolution
		{FD838608-8C72-4AF4-A6D6-3A6A8128AFC6}.Debug|Any CPU.ActiveCfg = Debug|Any CPU
		{FD838608-8C72-4AF4-A6D6-3A6A8128AFC6}.Debug|Any CPU.Build.0 = Debug|Any CPU
		{FD838608-8C72-4AF4-A6D6-3A6A8128AFC6}.Release|Any CPU.ActiveCfg = Release|Any CPU
		{FD838608-8C72-4AF4-A6D6-3A6A8128AFC6}.Release|Any CPU.Build.0 = Release|Any CPU
	EndGlobalSection
	GlobalSection(SolutionProperties) = preSolution
		HideSolutionNode = FALSE
	EndGlobalSection
	GlobalSection(ExtensibilityGlobals) = postSolution
		SolutionGuid = {4A7AD5AD-DB6F-4E42-8931-C52E67F2A0D7}
	EndGlobalSection
EndGlobal
